
Microsoft Visual Studio Solution File, Format Version 12.00
# Visual Studio Version 17
VisualStudioVersion = 17.2.32526.322
MinimumVisualStudioVersion = 10.0.40219.1
Project("{9A19103F-16F7-4668-BE54-9A1E7A4F7556}") = "BookStoreApi", "Gestionnaire de contact\BookStoreApi.csproj", "{3AF8C8F7-B2EE-4F91-A97E-5E5448B52EE2}"
EndProject
Project("{FAE04EC0-301F-11D3-BF4B-00C04F79EFBC}") = "CarnetAdresseXamarin.UWP", "CarnetAdresseXamarin\CarnetAdresseXamarin.UWP\CarnetAdresseXamarin.UWP.csproj", "{3752832C-B034-48EF-800A-9764AA0B173D}"
EndProject
Project("{FAE04EC0-301F-11D3-BF4B-00C04F79EFBC}") = "CarnetAdresseXamarin.Android", "CarnetAdresseXamarin\CarnetAdresseXamarin.Android\CarnetAdresseXamarin.Android.csproj", "{7BDBC5A9-5AD4-4D6F-A5CA-C8A07A1D8FE2}"
EndProject
Project("{FAE04EC0-301F-11D3-BF4B-00C04F79EFBC}") = "CarnetAdresseXamarin.iOS", "CarnetAdresseXamarin\CarnetAdresseXamarin.iOS\CarnetAdresseXamarin.iOS.csproj", "{334FEFDB-B5E7-4F6E-A5A4-D4D68D8F6E26}"
EndProject
Project("{FAE04EC0-301F-11D3-BF4B-00C04F79EFBC}") = "CarnetAdresseXamarin", "CarnetAdresseXamarin\CarnetAdresseXamarin\CarnetAdresseXamarin.csproj", "{436D9C85-DE38-4F45-A451-6849DB83F226}"
EndProject
Global
	GlobalSection(SolutionConfigurationPlatforms) = preSolution
		Debug|Any CPU = Debug|Any CPU
		Debug|ARM = Debug|ARM
		Debug|iPhone = Debug|iPhone
		Debug|iPhoneSimulator = Debug|iPhoneSimulator
		Debug|x64 = Debug|x64
		Debug|x86 = Debug|x86
		Release|Any CPU = Release|Any CPU
		Release|ARM = Release|ARM
		Release|iPhone = Release|iPhone
		Release|iPhoneSimulator = Release|iPhoneSimulator
		Release|x64 = Release|x64
		Release|x86 = Release|x86
	EndGlobalSection
	GlobalSection(ProjectConfigurationPlatforms) = postSolution
		{3AF8C8F7-B2EE-4F91-A97E-5E5448B52EE2}.Debug|Any CPU.ActiveCfg = Debug|Any CPU
		{3AF8C8F7-B2EE-4F91-A97E-5E5448B52EE2}.Debug|Any CPU.Build.0 = Debug|Any CPU
		{3AF8C8F7-B2EE-4F91-A97E-5E5448B52EE2}.Debug|ARM.ActiveCfg = Debug|Any CPU
		{3AF8C8F7-B2EE-4F91-A97E-5E5448B52EE2}.Debug|ARM.Build.0 = Debug|Any CPU
		{3AF8C8F7-B2EE-4F91-A97E-5E5448B52EE2}.Debug|iPhone.ActiveCfg = Debug|Any CPU
		{3AF8C8F7-B2EE-4F91-A97E-5E5448B52EE2}.Debug|iPhone.Build.0 = Debug|Any CPU
		{3AF8C8F7-B2EE-4F91-A97E-5E5448B52EE2}.Debug|iPhoneSimulator.ActiveCfg = Debug|Any CPU
		{3AF8C8F7-B2EE-4F91-A97E-5E5448B52EE2}.Debug|iPhoneSimulator.Build.0 = Debug|Any CPU
		{3AF8C8F7-B2EE-4F91-A97E-5E5448B52EE2}.Debug|x64.ActiveCfg = Debug|Any CPU
		{3AF8C8F7-B2EE-4F91-A97E-5E5448B52EE2}.Debug|x64.Build.0 = Debug|Any CPU
		{3AF8C8F7-B2EE-4F91-A97E-5E5448B52EE2}.Debug|x86.ActiveCfg = Debug|Any CPU
		{3AF8C8F7-B2EE-4F91-A97E-5E5448B52EE2}.Debug|x86.Build.0 = Debug|Any CPU
		{3AF8C8F7-B2EE-4F91-A97E-5E5448B52EE2}.Release|Any CPU.ActiveCfg = Release|Any CPU
		{3AF8C8F7-B2EE-4F91-A97E-5E5448B52EE2}.Release|Any CPU.Build.0 = Release|Any CPU
		{3AF8C8F7-B2EE-4F91-A97E-5E5448B52EE2}.Release|ARM.ActiveCfg = Release|Any CPU
		{3AF8C8F7-B2EE-4F91-A97E-5E5448B52EE2}.Release|ARM.Build.0 = Release|Any CPU
		{3AF8C8F7-B2EE-4F91-A97E-5E5448B52EE2}.Release|iPhone.ActiveCfg = Release|Any CPU
		{3AF8C8F7-B2EE-4F91-A97E-5E5448B52EE2}.Release|iPhone.Build.0 = Release|Any CPU
		{3AF8C8F7-B2EE-4F91-A97E-5E5448B52EE2}.Release|iPhoneSimulator.ActiveCfg = Release|Any CPU
		{3AF8C8F7-B2EE-4F91-A97E-5E5448B52EE2}.Release|iPhoneSimulator.Build.0 = Release|Any CPU
		{3AF8C8F7-B2EE-4F91-A97E-5E5448B52EE2}.Release|x64.ActiveCfg = Release|Any CPU
		{3AF8C8F7-B2EE-4F91-A97E-5E5448B52EE2}.Release|x64.Build.0 = Release|Any CPU
		{3AF8C8F7-B2EE-4F91-A97E-5E5448B52EE2}.Release|x86.ActiveCfg = Release|Any CPU
		{3AF8C8F7-B2EE-4F91-A97E-5E5448B52EE2}.Release|x86.Build.0 = Release|Any CPU
		{3752832C-B034-48EF-800A-9764AA0B173D}.Debug|Any CPU.ActiveCfg = Debug|x64
		{3752832C-B034-48EF-800A-9764AA0B173D}.Debug|Any CPU.Build.0 = Debug|x64
		{3752832C-B034-48EF-800A-9764AA0B173D}.Debug|Any CPU.Deploy.0 = Debug|x64
		{3752832C-B034-48EF-800A-9764AA0B173D}.Debug|ARM.ActiveCfg = Debug|ARM
		{3752832C-B034-48EF-800A-9764AA0B173D}.Debug|ARM.Build.0 = Debug|ARM
		{3752832C-B034-48EF-800A-9764AA0B173D}.Debug|ARM.Deploy.0 = Debug|ARM
		{3752832C-B034-48EF-800A-9764AA0B173D}.Debug|iPhone.ActiveCfg = Debug|x64
		{3752832C-B034-48EF-800A-9764AA0B173D}.Debug|iPhone.Build.0 = Debug|x64
		{3752832C-B034-48EF-800A-9764AA0B173D}.Debug|iPhone.Deploy.0 = Debug|x64
		{3752832C-B034-48EF-800A-9764AA0B173D}.Debug|iPhoneSimulator.ActiveCfg = Debug|x64
		{3752832C-B034-48EF-800A-9764AA0B173D}.Debug|iPhoneSimulator.Build.0 = Debug|x64
		{3752832C-B034-48EF-800A-9764AA0B173D}.Debug|iPhoneSimulator.Deploy.0 = Debug|x64
		{3752832C-B034-48EF-800A-9764AA0B173D}.Debug|x64.ActiveCfg = Debug|x64
		{3752832C-B034-48EF-800A-9764AA0B173D}.Debug|x64.Build.0 = Debug|x64
		{3752832C-B034-48EF-800A-9764AA0B173D}.Debug|x64.Deploy.0 = Debug|x64
		{3752832C-B034-48EF-800A-9764AA0B173D}.Debug|x86.ActiveCfg = Debug|x86
		{3752832C-B034-48EF-800A-9764AA0B173D}.Debug|x86.Build.0 = Debug|x86
		{3752832C-B034-48EF-800A-9764AA0B173D}.Debug|x86.Deploy.0 = Debug|x86
		{3752832C-B034-48EF-800A-9764AA0B173D}.Release|Any CPU.ActiveCfg = Release|x64
		{3752832C-B034-48EF-800A-9764AA0B173D}.Release|Any CPU.Build.0 = Release|x64
		{3752832C-B034-48EF-800A-9764AA0B173D}.Release|Any CPU.Deploy.0 = Release|x64
		{3752832C-B034-48EF-800A-9764AA0B173D}.Release|ARM.ActiveCfg = Release|ARM
		{3752832C-B034-48EF-800A-9764AA0B173D}.Release|ARM.Build.0 = Release|ARM
		{3752832C-B034-48EF-800A-9764AA0B173D}.Release|ARM.Deploy.0 = Release|ARM
		{3752832C-B034-48EF-800A-9764AA0B173D}.Release|iPhone.ActiveCfg = Release|x64
		{3752832C-B034-48EF-800A-9764AA0B173D}.Release|iPhone.Build.0 = Release|x64
		{3752832C-B034-48EF-800A-9764AA0B173D}.Release|iPhone.Deploy.0 = Release|x64
		{3752832C-B034-48EF-800A-9764AA0B173D}.Release|iPhoneSimulator.ActiveCfg = Release|x64
		{3752832C-B034-48EF-800A-9764AA0B173D}.Release|iPhoneSimulator.Build.0 = Release|x64
		{3752832C-B034-48EF-800A-9764AA0B173D}.Release|iPhoneSimulator.Deploy.0 = Release|x64
		{3752832C-B034-48EF-800A-9764AA0B173D}.Release|x64.ActiveCfg = Release|x64
		{3752832C-B034-48EF-800A-9764AA0B173D}.Release|x64.Build.0 = Release|x64
		{3752832C-B034-48EF-800A-9764AA0B173D}.Release|x64.Deploy.0 = Release|x64
		{3752832C-B034-48EF-800A-9764AA0B173D}.Release|x86.ActiveCfg = Release|x86
		{3752832C-B034-48EF-800A-9764AA0B173D}.Release|x86.Build.0 = Release|x86
		{3752832C-B034-48EF-800A-9764AA0B173D}.Release|x86.Deploy.0 = Release|x86
		{7BDBC5A9-5AD4-4D6F-A5CA-C8A07A1D8FE2}.Debug|Any CPU.ActiveCfg = Debug|Any CPU
		{7BDBC5A9-5AD4-4D6F-A5CA-C8A07A1D8FE2}.Debug|Any CPU.Build.0 = Debug|Any CPU
		{7BDBC5A9-5AD4-4D6F-A5CA-C8A07A1D8FE2}.Debug|Any CPU.Deploy.0 = Debug|Any CPU
		{7BDBC5A9-5AD4-4D6F-A5CA-C8A07A1D8FE2}.Debug|ARM.ActiveCfg = Debug|Any CPU
		{7BDBC5A9-5AD4-4D6F-A5CA-C8A07A1D8FE2}.Debug|ARM.Build.0 = Debug|Any CPU
		{7BDBC5A9-5AD4-4D6F-A5CA-C8A07A1D8FE2}.Debug|ARM.Deploy.0 = Debug|Any CPU
		{7BDBC5A9-5AD4-4D6F-A5CA-C8A07A1D8FE2}.Debug|iPhone.ActiveCfg = Debug|Any CPU
		{7BDBC5A9-5AD4-4D6F-A5CA-C8A07A1D8FE2}.Debug|iPhone.Build.0 = Debug|Any CPU
		{7BDBC5A9-5AD4-4D6F-A5CA-C8A07A1D8FE2}.Debug|iPhone.Deploy.0 = Debug|Any CPU
		{7BDBC5A9-5AD4-4D6F-A5CA-C8A07A1D8FE2}.Debug|iPhoneSimulator.ActiveCfg = Debug|Any CPU
		{7BDBC5A9-5AD4-4D6F-A5CA-C8A07A1D8FE2}.Debug|iPhoneSimulator.Build.0 = Debug|Any CPU
		{7BDBC5A9-5AD4-4D6F-A5CA-C8A07A1D8FE2}.Debug|iPhoneSimulator.Deploy.0 = Debug|Any CPU
		{7BDBC5A9-5AD4-4D6F-A5CA-C8A07A1D8FE2}.Debug|x64.ActiveCfg = Debug|Any CPU
		{7BDBC5A9-5AD4-4D6F-A5CA-C8A07A1D8FE2}.Debug|x64.Build.0 = Debug|Any CPU
		{7BDBC5A9-5AD4-4D6F-A5CA-C8A07A1D8FE2}.Debug|x64.Deploy.0 = Debug|Any CPU
		{7BDBC5A9-5AD4-4D6F-A5CA-C8A07A1D8FE2}.Debug|x86.ActiveCfg = Debug|Any CPU
		{7BDBC5A9-5AD4-4D6F-A5CA-C8A07A1D8FE2}.Debug|x86.Build.0 = Debug|Any CPU
		{7BDBC5A9-5AD4-4D6F-A5CA-C8A07A1D8FE2}.Debug|x86.Deploy.0 = Debug|Any CPU
		{7BDBC5A9-5AD4-4D6F-A5CA-C8A07A1D8FE2}.Release|Any CPU.ActiveCfg = Release|Any CPU
		{7BDBC5A9-5AD4-4D6F-A5CA-C8A07A1D8FE2}.Release|Any CPU.Build.0 = Release|Any CPU
		{7BDBC5A9-5AD4-4D6F-A5CA-C8A07A1D8FE2}.Release|Any CPU.Deploy.0 = Release|Any CPU
		{7BDBC5A9-5AD4-4D6F-A5CA-C8A07A1D8FE2}.Release|ARM.ActiveCfg = Release|Any CPU
		{7BDBC5A9-5AD4-4D6F-A5CA-C8A07A1D8FE2}.Release|ARM.Build.0 = Release|Any CPU
		{7BDBC5A9-5AD4-4D6F-A5CA-C8A07A1D8FE2}.Release|ARM.Deploy.0 = Release|Any CPU
		{7BDBC5A9-5AD4-4D6F-A5CA-C8A07A1D8FE2}.Release|iPhone.ActiveCfg = Release|Any CPU
		{7BDBC5A9-5AD4-4D6F-A5CA-C8A07A1D8FE2}.Release|iPhone.Build.0 = Release|Any CPU
		{7BDBC5A9-5AD4-4D6F-A5CA-C8A07A1D8FE2}.Release|iPhone.Deploy.0 = Release|Any CPU
		{7BDBC5A9-5AD4-4D6F-A5CA-C8A07A1D8FE2}.Release|iPhoneSimulator.ActiveCfg = Release|Any CPU
		{7BDBC5A9-5AD4-4D6F-A5CA-C8A07A1D8FE2}.Release|iPhoneSimulator.Build.0 = Release|Any CPU
		{7BDBC5A9-5AD4-4D6F-A5CA-C8A07A1D8FE2}.Release|iPhoneSimulator.Deploy.0 = Release|Any CPU
		{7BDBC5A9-5AD4-4D6F-A5CA-C8A07A1D8FE2}.Release|x64.ActiveCfg = Release|Any CPU
		{7BDBC5A9-5AD4-4D6F-A5CA-C8A07A1D8FE2}.Release|x64.Build.0 = Release|Any CPU
		{7BDBC5A9-5AD4-4D6F-A5CA-C8A07A1D8FE2}.Release|x64.Deploy.0 = Release|Any CPU
		{7BDBC5A9-5AD4-4D6F-A5CA-C8A07A1D8FE2}.Release|x86.ActiveCfg = Release|Any CPU
		{7BDBC5A9-5AD4-4D6F-A5CA-C8A07A1D8FE2}.Release|x86.Build.0 = Release|Any CPU
		{7BDBC5A9-5AD4-4D6F-A5CA-C8A07A1D8FE2}.Release|x86.Deploy.0 = Release|Any CPU
		{334FEFDB-B5E7-4F6E-A5A4-D4D68D8F6E26}.Debug|Any CPU.ActiveCfg = Debug|iPhoneSimulator
		{334FEFDB-B5E7-4F6E-A5A4-D4D68D8F6E26}.Debug|Any CPU.Build.0 = Debug|iPhoneSimulator
		{334FEFDB-B5E7-4F6E-A5A4-D4D68D8F6E26}.Debug|ARM.ActiveCfg = Debug|iPhoneSimulator
		{334FEFDB-B5E7-4F6E-A5A4-D4D68D8F6E26}.Debug|ARM.Build.0 = Debug|iPhoneSimulator
		{334FEFDB-B5E7-4F6E-A5A4-D4D68D8F6E26}.Debug|iPhone.ActiveCfg = Debug|iPhone
		{334FEFDB-B5E7-4F6E-A5A4-D4D68D8F6E26}.Debug|iPhone.Build.0 = Debug|iPhone
		{334FEFDB-B5E7-4F6E-A5A4-D4D68D8F6E26}.Debug|iPhoneSimulator.ActiveCfg = Debug|iPhoneSimulator
		{334FEFDB-B5E7-4F6E-A5A4-D4D68D8F6E26}.Debug|iPhoneSimulator.Build.0 = Debug|iPhoneSimulator
		{334FEFDB-B5E7-4F6E-A5A4-D4D68D8F6E26}.Debug|x64.ActiveCfg = Debug|iPhoneSimulator
		{334FEFDB-B5E7-4F6E-A5A4-D4D68D8F6E26}.Debug|x64.Build.0 = Debug|iPhoneSimulator
		{334FEFDB-B5E7-4F6E-A5A4-D4D68D8F6E26}.Debug|x86.ActiveCfg = Debug|iPhoneSimulator
		{334FEFDB-B5E7-4F6E-A5A4-D4D68D8F6E26}.Debug|x86.Build.0 = Debug|iPhoneSimulator
		{334FEFDB-B5E7-4F6E-A5A4-D4D68D8F6E26}.Release|Any CPU.ActiveCfg = Release|iPhoneSimulator
		{334FEFDB-B5E7-4F6E-A5A4-D4D68D8F6E26}.Release|Any CPU.Build.0 = Release|iPhoneSimulator
		{334FEFDB-B5E7-4F6E-A5A4-D4D68D8F6E26}.Release|ARM.ActiveCfg = Release|iPhoneSimulator
		{334FEFDB-B5E7-4F6E-A5A4-D4D68D8F6E26}.Release|ARM.Build.0 = Release|iPhoneSimulator
		{334FEFDB-B5E7-4F6E-A5A4-D4D68D8F6E26}.Release|iPhone.ActiveCfg = Release|iPhone
		{334FEFDB-B5E7-4F6E-A5A4-D4D68D8F6E26}.Release|iPhone.Build.0 = Release|iPhone
		{334FEFDB-B5E7-4F6E-A5A4-D4D68D8F6E26}.Release|iPhoneSimulator.ActiveCfg = Release|iPhoneSimulator
		{334FEFDB-B5E7-4F6E-A5A4-D4D68D8F6E26}.Release|iPhoneSimulator.Build.0 = Release|iPhoneSimulator
		{334FEFDB-B5E7-4F6E-A5A4-D4D68D8F6E26}.Release|x64.ActiveCfg = Release|iPhoneSimulator
		{334FEFDB-B5E7-4F6E-A5A4-D4D68D8F6E26}.Release|x64.Build.0 = Release|iPhoneSimulator
		{334FEFDB-B5E7-4F6E-A5A4-D4D68D8F6E26}.Release|x86.ActiveCfg = Release|iPhoneSimulator
		{334FEFDB-B5E7-4F6E-A5A4-D4D68D8F6E26}.Release|x86.Build.0 = Release|iPhoneSimulator
		{436D9C85-DE38-4F45-A451-6849DB83F226}.Debug|Any CPU.ActiveCfg = Debug|Any CPU
		{436D9C85-DE38-4F45-A451-6849DB83F226}.Debug|Any CPU.Build.0 = Debug|Any CPU
		{436D9C85-DE38-4F45-A451-6849DB83F226}.Debug|ARM.ActiveCfg = Debug|Any CPU
		{436D9C85-DE38-4F45-A451-6849DB83F226}.Debug|ARM.Build.0 = Debug|Any CPU
		{436D9C85-DE38-4F45-A451-6849DB83F226}.Debug|iPhone.ActiveCfg = Debug|Any CPU
		{436D9C85-DE38-4F45-A451-6849DB83F226}.Debug|iPhone.Build.0 = Debug|Any CPU
		{436D9C85-DE38-4F45-A451-6849DB83F226}.Debug|iPhoneSimulator.ActiveCfg = Debug|Any CPU
		{436D9C85-DE38-4F45-A451-6849DB83F226}.Debug|iPhoneSimulator.Build.0 = Debug|Any CPU
		{436D9C85-DE38-4F45-A451-6849DB83F226}.Debug|x64.ActiveCfg = Debug|Any CPU
		{436D9C85-DE38-4F45-A451-6849DB83F226}.Debug|x64.Build.0 = Debug|Any CPU
		{436D9C85-DE38-4F45-A451-6849DB83F226}.Debug|x86.ActiveCfg = Debug|Any CPU
		{436D9C85-DE38-4F45-A451-6849DB83F226}.Debug|x86.Build.0 = Debug|Any CPU
		{436D9C85-DE38-4F45-A451-6849DB83F226}.Release|Any CPU.ActiveCfg = Release|Any CPU
		{436D9C85-DE38-4F45-A451-6849DB83F226}.Release|Any CPU.Build.0 = Release|Any CPU
		{436D9C85-DE38-4F45-A451-6849DB83F226}.Release|ARM.ActiveCfg = Release|Any CPU
		{436D9C85-DE38-4F45-A451-6849DB83F226}.Release|ARM.Build.0 = Release|Any CPU
		{436D9C85-DE38-4F45-A451-6849DB83F226}.Release|iPhone.ActiveCfg = Release|Any CPU
		{436D9C85-DE38-4F45-A451-6849DB83F226}.Release|iPhone.Build.0 = Release|Any CPU
		{436D9C85-DE38-4F45-A451-6849DB83F226}.Release|iPhoneSimulator.ActiveCfg = Release|Any CPU
		{436D9C85-DE38-4F45-A451-6849DB83F226}.Release|iPhoneSimulator.Build.0 = Release|Any CPU
		{436D9C85-DE38-4F45-A451-6849DB83F226}.Release|x64.ActiveCfg = Release|Any CPU
		{436D9C85-DE38-4F45-A451-6849DB83F226}.Release|x64.Build.0 = Release|Any CPU
		{436D9C85-DE38-4F45-A451-6849DB83F226}.Release|x86.ActiveCfg = Release|Any CPU
		{436D9C85-DE38-4F45-A451-6849DB83F226}.Release|x86.Build.0 = Release|Any CPU
	EndGlobalSection
	GlobalSection(SolutionProperties) = preSolution
		HideSolutionNode = FALSE
	EndGlobalSection
	GlobalSection(ExtensibilityGlobals) = postSolution
		SolutionGuid = {3430F324-0AC0-4993-943A-8806DD10D9ED}
	EndGlobalSection
EndGlobal
